// !$*UTF8*$!
{
	archiveVersion = 1;
	classes = {
	};
	objectVersion = 46;
	objects = {

/* Begin PBXBuildFile section */
		D5E7C0201E557DFC0046BC9F /* main.m in Sources */ = {isa = PBXBuildFile; fileRef = D5E7C01F1E557DFC0046BC9F /* main.m */; };
		D5E7C0231E557DFC0046BC9F /* AppDelegate.m in Sources */ = {isa = PBXBuildFile; fileRef = D5E7C0221E557DFC0046BC9F /* AppDelegate.m */; };
		D5E7C0261E557DFC0046BC9F /* ViewController.m in Sources */ = {isa = PBXBuildFile; fileRef = D5E7C0251E557DFC0046BC9F /* ViewController.m */; };
		D5E7C0291E557DFD0046BC9F /* Main.storyboard in Resources */ = {isa = PBXBuildFile; fileRef = D5E7C0271E557DFD0046BC9F /* Main.storyboard */; };
		D5E7C02B1E557DFD0046BC9F /* Assets.xcassets in Resources */ = {isa = PBXBuildFile; fileRef = D5E7C02A1E557DFD0046BC9F /* Assets.xcassets */; };
		D5E7C02E1E557DFD0046BC9F /* LaunchScreen.storyboard in Resources */ = {isa = PBXBuildFile; fileRef = D5E7C02C1E557DFD0046BC9F /* LaunchScreen.storyboard */; };
		D5E7C0391E557DFD0046BC9F /* __UITests.m in Sources */ = {isa = PBXBuildFile; fileRef = D5E7C0381E557DFD0046BC9F /* __UITests.m */; };
/* End PBXBuildFile section */

/* Begin PBXContainerItemProxy section */
		D5E7C0351E557DFD0046BC9F /* PBXContainerItemProxy */ = {
			isa = PBXContainerItemProxy;
			containerPortal = D5E7C0131E557DFC0046BC9F /* Project object */;
			proxyType = 1;
			remoteGlobalIDString = D5E7C01A1E557DFC0046BC9F;
			remoteInfo = "键盘";
		};
/* End PBXContainerItemProxy section */

/* Begin PBXFileReference section */
		D5E7C01B1E557DFC0046BC9F /* 键盘.app */ = {isa = PBXFileReference; explicitFileType = wrapper.application; includeInIndex = 0; path = "键盘.app"; sourceTree = BUILT_PRODUCTS_DIR; };
		D5E7C01F1E557DFC0046BC9F /* main.m */ = {isa = PBXFileReference; lastKnownFileType = sourcecode.c.objc; path = main.m; sourceTree = "<group>"; };
		D5E7C0211E557DFC0046BC9F /* AppDelegate.h */ = {isa = PBXFileReference; lastKnownFileType = sourcecode.c.h; path = AppDelegate.h; sourceTree = "<group>"; };
		D5E7C0221E557DFC0046BC9F /* AppDelegate.m */ = {isa = PBXFileReference; lastKnownFileType = sourcecode.c.objc; path = AppDelegate.m; sourceTree = "<group>"; };
		D5E7C0241E557DFC0046BC9F /* ViewController.h */ = {isa = PBXFileReference; lastKnownFileType = sourcecode.c.h; path = ViewController.h; sourceTree = "<group>"; };
		D5E7C0251E557DFC0046BC9F /* ViewController.m */ = {isa = PBXFileReference; lastKnownFileType = sourcecode.c.objc; path = ViewController.m; sourceTree = "<group>"; };
		D5E7C0281E557DFD0046BC9F /* Base */ = {isa = PBXFileReference; lastKnownFileType = file.storyboard; name = Base; path = Base.lproj/Main.storyboard; sourceTree = "<group>"; };
		D5E7C02A1E557DFD0046BC9F /* Assets.xcassets */ = {isa = PBXFileReference; lastKnownFileType = folder.assetcatalog; path = Assets.xcassets; sourceTree = "<group>"; };
		D5E7C02D1E557DFD0046BC9F /* Base */ = {isa = PBXFileReference; lastKnownFileType = file.storyboard; name = Base; path = Base.lproj/LaunchScreen.storyboard; sourceTree = "<group>"; };
		D5E7C02F1E557DFD0046BC9F /* Info.plist */ = {isa = PBXFileReference; lastKnownFileType = text.plist.xml; path = Info.plist; sourceTree = "<group>"; };
		D5E7C0341E557DFD0046BC9F /* 键盘UITests.xctest */ = {isa = PBXFileReference; explicitFileType = wrapper.cfbundle; includeInIndex = 0; path = "键盘UITests.xctest"; sourceTree = BUILT_PRODUCTS_DIR; };
		D5E7C0381E557DFD0046BC9F /* __UITests.m */ = {isa = PBXFileReference; lastKnownFileType = sourcecode.c.objc; path = __UITests.m; sourceTree = "<group>"; };
		D5E7C03A1E557DFD0046BC9F /* Info.plist */ = {isa = PBXFileReference; lastKnownFileType = text.plist.xml; path = Info.plist; sourceTree = "<group>"; };
/* End PBXFileReference section */

/* Begin PBXFrameworksBuildPhase section */
		D5E7C0181E557DFC0046BC9F /* Frameworks */ = {
			isa = PBXFrameworksBuildPhase;
			buildActionMask = 2147483647;
			files = (
			);
			runOnlyForDeploymentPostprocessing = 0;
		};
		D5E7C0311E557DFD0046BC9F /* Frameworks */ = {
			isa = PBXFrameworksBuildPhase;
			buildActionMask = 2147483647;
			files = (
			);
			runOnlyForDeploymentPostprocessing = 0;
		};
/* End PBXFrameworksBuildPhase section */

/* Begin PBXGroup section */
		D5E7C0121E557DFC0046BC9F = {
			isa = PBXGroup;
			children = (
				D5E7C01D1E557DFC0046BC9F /* 键盘 */,
				D5E7C0371E557DFD0046BC9F /* 键盘UITests */,
				D5E7C01C1E557DFC0046BC9F /* Products */,
			);
			sourceTree = "<group>";
		};
		D5E7C01C1E557DFC0046BC9F /* Products */ = {
			isa = PBXGroup;
			children = (
				D5E7C01B1E557DFC0046BC9F /* 键盘.app */,
				D5E7C0341E557DFD0046BC9F /* 键盘UITests.xctest */,
			);
			name = Products;
			sourceTree = "<group>";
		};
		D5E7C01D1E557DFC0046BC9F /* 键盘 */ = {
			isa = PBXGroup;
			children = (
				D5E7C0211E557DFC0046BC9F /* AppDelegate.h */,
				D5E7C0221E557DFC0046BC9F /* AppDelegate.m */,
				D5E7C0241E557DFC0046BC9F /* ViewController.h */,
				D5E7C0251E557DFC0046BC9F /* ViewController.m */,
				D5E7C0271E557DFD0046BC9F /* Main.storyboard */,
				D5E7C02A1E557DFD0046BC9F /* Assets.xcassets */,
				D5E7C02C1E557DFD0046BC9F /* LaunchScreen.storyboard */,
				D5E7C02F1E557DFD0046BC9F /* Info.plist */,
				D5E7C01E1E557DFC0046BC9F /* Supporting Files */,
			);
			path = "键盘";
			sourceTree = "<group>";
		};
		D5E7C01E1E557DFC0046BC9F /* Supporting Files */ = {
			isa = PBXGroup;
			children = (
				D5E7C01F1E557DFC0046BC9F /* main.m */,
			);
			name = "Supporting Files";
			sourceTree = "<group>";
		};
		D5E7C0371E557DFD0046BC9F /* 键盘UITests */ = {
			isa = PBXGroup;
			children = (
				D5E7C0381E557DFD0046BC9F /* __UITests.m */,
				D5E7C03A1E557DFD0046BC9F /* Info.plist */,
			);
			path = "键盘UITests";
			sourceTree = "<group>";
		};
/* End PBXGroup section */

/* Begin PBXNativeTarget section */
		D5E7C01A1E557DFC0046BC9F /* 键盘 */ = {
			isa = PBXNativeTarget;
			buildConfigurationList = D5E7C03D1E557DFD0046BC9F /* Build configuration list for PBXNativeTarget "键盘" */;
			buildPhases = (
				D5E7C0171E557DFC0046BC9F /* Sources */,
				D5E7C0181E557DFC0046BC9F /* Frameworks */,
				D5E7C0191E557DFC0046BC9F /* Resources */,
			);
			buildRules = (
			);
			dependencies = (
			);
			name = "键盘";
			productName = "键盘";
			productReference = D5E7C01B1E557DFC0046BC9F /* 键盘.app */;
			productType = "com.apple.product-type.application";
		};
		D5E7C0331E557DFD0046BC9F /* 键盘UITests */ = {
			isa = PBXNativeTarget;
			buildConfigurationList = D5E7C0401E557DFD0046BC9F /* Build configuration list for PBXNativeTarget "键盘UITests" */;
			buildPhases = (
				D5E7C0301E557DFD0046BC9F /* Sources */,
				D5E7C0311E557DFD0046BC9F /* Frameworks */,
				D5E7C0321E557DFD0046BC9F /* Resources */,
			);
			buildRules = (
			);
			dependencies = (
				D5E7C0361E557DFD0046BC9F /* PBXTargetDependency */,
			);
			name = "键盘UITests";
			productName = "键盘UITests";
			productReference = D5E7C0341E557DFD0046BC9F /* 键盘UITests.xctest */;
			productType = "com.apple.product-type.bundle.ui-testing";
		};
/* End PBXNativeTarget section */

/* Begin PBXProject section */
		D5E7C0131E557DFC0046BC9F /* Project object */ = {
			isa = PBXProject;
			attributes = {
				LastUpgradeCheck = 0820;
				ORGANIZATIONNAME = TH;
				TargetAttributes = {
					D5E7C01A1E557DFC0046BC9F = {
						CreatedOnToolsVersion = 8.2.1;
						ProvisioningStyle = Automatic;
					};
					D5E7C0331E557DFD0046BC9F = {
						CreatedOnToolsVersion = 8.2.1;
						ProvisioningStyle = Automatic;
						TestTargetID = D5E7C01A1E557DFC0046BC9F;
					};
				};
			};
			buildConfigurationList = D5E7C0161E557DFC0046BC9F /* Build configuration list for PBXProject "键盘" */;
			compatibilityVersion = "Xcode 3.2";
			developmentRegion = English;
			hasScannedForEncodings = 0;
			knownRegions = (
				en,
				Base,
			);
			mainGroup = D5E7C0121E557DFC0046BC9F;
			productRefGroup = D5E7C01C1E557DFC0046BC9F /* Products */;
			projectDirPath = "";
			projectRoot = "";
			targets = (
				D5E7C01A1E557DFC0046BC9F /* 键盘 */,
				D5E7C0331E557DFD0046BC9F /* 键盘UITests */,
			);
		};
/* End PBXProject section */

/* Begin PBXResourcesBuildPhase section */
		D5E7C0191E557DFC0046BC9F /* Resources */ = {
			isa = PBXResourcesBuildPhase;
			buildActionMask = 2147483647;
			files = (
				D5E7C02E1E557DFD0046BC9F /* LaunchScreen.storyboard in Resources */,
				D5E7C02B1E557DFD0046BC9F /* Assets.xcassets in Resources */,
				D5E7C0291E557DFD0046BC9F /* Main.storyboard in Resources */,
			);
			runOnlyForDeploymentPostprocessing = 0;
		};
		D5E7C0321E557DFD0046BC9F /* Resources */ = {
			isa = PBXResourcesBuildPhase;
			buildActionMask = 2147483647;
			files = (
			);
			runOnlyForDeploymentPostprocessing = 0;
		};
/* End PBXResourcesBuildPhase section */

/* Begin PBXSourcesBuildPhase section */
		D5E7C0171E557DFC0046BC9F /* Sources */ = {
			isa = PBXSourcesBuildPhase;
			buildActionMask = 2147483647;
			files = (
				D5E7C0261E557DFC0046BC9F /* ViewController.m in Sources */,
				D5E7C0231E557DFC0046BC9F /* AppDelegate.m in Sources */,
				D5E7C0201E557DFC0046BC9F /* main.m in Sources */,
			);
			runOnlyForDeploymentPostprocessing = 0;
		};
		D5E7C0301E557DFD0046BC9F /* Sources */ = {
			isa = PBXSourcesBuildPhase;
			buildActionMask = 2147483647;
			files = (
				D5E7C0391E557DFD0046BC9F /* __UITests.m in Sources */,
			);
			runOnlyForDeploymentPostprocessing = 0;
		};
/* End PBXSourcesBuildPhase section */

/* Begin PBXTargetDependency section */
		D5E7C0361E557DFD0046BC9F /* PBXTargetDependency */ = {
			isa = PBXTargetDependency;
			target = D5E7C01A1E557DFC0046BC9F /* 键盘 */;
			targetProxy = D5E7C0351E557DFD0046BC9F /* PBXContainerItemProxy */;
		};
/* End PBXTargetDependency section */

/* Begin PBXVariantGroup section */
		D5E7C0271E557DFD0046BC9F /* Main.storyboard */ = {
			isa = PBXVariantGroup;
			children = (
				D5E7C0281E557DFD0046BC9F /* Base */,
			);
			name = Main.storyboard;
			sourceTree = "<group>";
		};
		D5E7C02C1E557DFD0046BC9F /* LaunchScreen.storyboard */ = {
			isa = PBXVariantGroup;
			children = (
				D5E7C02D1E557DFD0046BC9F /* Base */,
			);
			name = LaunchScreen.storyboard;
			sourceTree = "<group>";
		};
/* End PBXVariantGroup section */

/* Begin XCBuildConfiguration section */
		D5E7C03B1E557DFD0046BC9F /* Debug */ = {
			isa = XCBuildConfiguration;
			buildSettings = {
				ALWAYS_SEARCH_USER_PATHS = NO;
				CLANG_ANALYZER_NONNULL = YES;
				CLANG_CXX_LANGUAGE_STANDARD = "gnu++0x";
				CLANG_CXX_LIBRARY = "libc++";
				CLANG_ENABLE_MODULES = YES;
				CLANG_ENABLE_OBJC_ARC = YES;
				CLANG_WARN_BOOL_CONVERSION = YES;
				CLANG_WARN_CONSTANT_CONVERSION = YES;
				CLANG_WARN_DIRECT_OBJC_ISA_USAGE = YES_ERROR;
				CLANG_WARN_DOCUMENTATION_COMMENTS = YES;
				CLANG_WARN_EMPTY_BODY = YES;
				CLANG_WARN_ENUM_CONVERSION = YES;
				CLANG_WARN_INFINITE_RECURSION = YES;
				CLANG_WARN_INT_CONVERSION = YES;
				CLANG_WARN_OBJC_ROOT_CLASS = YES_ERROR;
				CLANG_WARN_SUSPICIOUS_MOVE = YES;
				CLANG_WARN_UNREACHABLE_CODE = YES;
				CLANG_WARN__DUPLICATE_METHOD_MATCH = YES;
				"CODE_SIGN_IDENTITY[sdk=iphoneos*]" = "iPhone Developer";
				COPY_PHASE_STRIP = NO;
				DEBUG_INFORMATION_FORMAT = dwarf;
				ENABLE_STRICT_OBJC_MSGSEND = YES;
				ENABLE_TESTABILITY = YES;
				GCC_C_LANGUAGE_STANDARD = gnu99;
				GCC_DYNAMIC_NO_PIC = NO;
				GCC_NO_COMMON_BLOCKS = YES;
				GCC_OPTIMIZATION_LEVEL = 0;
				GCC_PREPROCESSOR_DEFINITIONS = (
					"DEBUG=1",
					"$(inherited)",
				);
				GCC_WARN_64_TO_32_BIT_CONVERSION = YES;
				GCC_WARN_ABOUT_RETURN_TYPE = YES_ERROR;
				GCC_WARN_UNDECLARED_SELECTOR = YES;
				GCC_WARN_UNINITIALIZED_AUTOS = YES_AGGRESSIVE;
				GCC_WARN_UNUSED_FUNCTION = YES;
				GCC_WARN_UNUSED_VARIABLE = YES;
				IPHONEOS_DEPLOYMENT_TARGET = 10.2;
				MTL_ENABLE_DEBUG_INFO = YES;
				ONLY_ACTIVE_ARCH = YES;
				SDKROOT = iphoneos;
			};
			name = Debug;
		};
		D5E7C03C1E557DFD0046BC9F /* Release */ = {
			isa = XCBuildConfiguration;
			buildSettings = {
				ALWAYS_SEARCH_USER_PATHS = NO;
				CLANG_ANALYZER_NONNULL = YES;
				CLANG_CXX_LANGUAGE_STANDARD = "gnu++0x";
				CLANG_CXX_LIBRARY = "libc++";
				CLANG_ENABLE_MODULES = YES;
				CLANG_ENABLE_OBJC_ARC = YES;
				CLANG_WARN_BOOL_CONVERSION = YES;
				CLANG_WARN_CONSTANT_CONVERSION = YES;
				CLANG_WARN_DIRECT_OBJC_ISA_USAGE = YES_ERROR;
				CLANG_WARN_DOCUMENTATION_COMMENTS = YES;
				CLANG_WARN_EMPTY_BODY = YES;
				CLANG_WARN_ENUM_CONVERSION = YES;
				CLANG_WARN_INFINITE_RECURSION = YES;
				CLANG_WARN_INT_CONVERSION = YES;
				CLANG_WARN_OBJC_ROOT_CLASS = YES_ERROR;
				CLANG_WARN_SUSPICIOUS_MOVE = YES;
				CLANG_WARN_UNREACHABLE_CODE = YES;
				CLANG_WARN__DUPLICATE_METHOD_MATCH = YES;
				"CODE_SIGN_IDENTITY[sdk=iphoneos*]" = "iPhone Developer";
				COPY_PHASE_STRIP = NO;
				DEBUG_INFORMATION_FORMAT = "dwarf-with-dsym";
				ENABLE_NS_ASSERTIONS = NO;
				ENABLE_STRICT_OBJC_MSGSEND = YES;
				GCC_C_LANGUAGE_STANDARD = gnu99;
				GCC_NO_COMMON_BLOCKS = YES;
				GCC_WARN_64_TO_32_BIT_CONVERSION = YES;
				GCC_WARN_ABOUT_RETURN_TYPE = YES_ERROR;
				GCC_WARN_UNDECLARED_SELECTOR = YES;
				GCC_WARN_UNINITIALIZED_AUTOS = YES_AGGRESSIVE;
				GCC_WARN_UNUSED_FUNCTION = YES;
				GCC_WARN_UNUSED_VARIABLE = YES;
				IPHONEOS_DEPLOYMENT_TARGET = 10.2;
				MTL_ENABLE_DEBUG_INFO = NO;
				SDKROOT = iphoneos;
				VALIDATE_PRODUCT = YES;
			};
			name = Release;
		};
		D5E7C03E1E557DFD0046BC9F /* Debug */ = {
			isa = XCBuildConfiguration;
			buildSettings = {
				ASSETCATALOG_COMPILER_APPICON_NAME = AppIcon;
				INFOPLIST_FILE = "键盘/Info.plist";
				LD_RUNPATH_SEARCH_PATHS = "$(inherited) @executable_path/Frameworks";
				PRODUCT_BUNDLE_IDENTIFIER = "TH.--";
				PRODUCT_NAME = "$(TARGET_NAME)";
			};
			name = Debug;
		};
		D5E7C03F1E557DFD0046BC9F /* Release */ = {
			isa = XCBuildConfiguration;
			buildSettings = {
				ASSETCATALOG_COMPILER_APPICON_NAME = AppIcon;
				INFOPLIST_FILE = "键盘/Info.plist";
				LD_RUNPATH_SEARCH_PATHS = "$(inherited) @executable_path/Frameworks";
				PRODUCT_BUNDLE_IDENTIFIER = "TH.--";
				PRODUCT_NAME = "$(TARGET_NAME)";
			};
			name = Release;
		};
		D5E7C0411E557DFD0046BC9F /* Debug */ = {
			isa = XCBuildConfiguration;
			buildSettings = {
				INFOPLIST_FILE = "键盘UITests/Info.plist";
				LD_RUNPATH_SEARCH_PATHS = "$(inherited) @executable_path/Frameworks @loader_path/Frameworks";
				PRODUCT_BUNDLE_IDENTIFIER = "TH.--UITests";
				PRODUCT_NAME = "$(TARGET_NAME)";
				TEST_TARGET_NAME = "键盘";
			};
			name = Debug;
		};
		D5E7C0421E557DFD0046BC9F /* Release */ = {
			isa = XCBuildConfiguration;
			buildSettings = {
				INFOPLIST_FILE = "键盘UITests/Info.plist";
				LD_RUNPATH_SEARCH_PATHS = "$(inherited) @executable_path/Frameworks @loader_path/Frameworks";
				PRODUCT_BUNDLE_IDENTIFIER = "TH.--UITests";
				PRODUCT_NAME = "$(TARGET_NAME)";
				TEST_TARGET_NAME = "键盘";
			};
			name = Release;
		};
/* End XCBuildConfiguration section */

/* Begin XCConfigurationList section */
		D5E7C0161E557DFC0046BC9F /* Build configuration list for PBXProject "键盘" */ = {
			isa = XCConfigurationList;
			buildConfigurations = (
				D5E7C03B1E557DFD0046BC9F /* Debug */,
				D5E7C03C1E557DFD0046BC9F /* Release */,
			);
			defaultConfigurationIsVisible = 0;
			defaultConfigurationName = Release;
		};
		D5E7C03D1E557DFD0046BC9F /* Build configuration list for PBXNativeTarget "键盘" */ = {
			isa = XCConfigurationList;
			buildConfigurations = (
				D5E7C03E1E557DFD0046BC9F /* Debug */,
				D5E7C03F1E557DFD0046BC9F /* Release */,
			);
			defaultConfigurationIsVisible = 0;
		};
		D5E7C0401E557DFD0046BC9F /* Build configuration list for PBXNativeTarget "键盘UITests" */ = {
			isa = XCConfigurationList;
			buildConfigurations = (
				D5E7C0411E557DFD0046BC9F /* Debug */,
				D5E7C0421E557DFD0046BC9F /* Release */,
			);
			defaultConfigurationIsVisible = 0;
		};
/* End XCConfigurationList section */
	};
	rootObject = D5E7C0131E557DFC0046BC9F /* Project object */;
}
